
Microsoft Visual Studio Solution File, Format Version 12.00
# Visual Studio Version 17
VisualStudioVersion = 17.11.35303.130
MinimumVisualStudioVersion = 10.0.40219.1
Project("{FAE04EC0-301F-11D3-BF4B-00C04F79EFBC}") = "NuevosComponentes", "SolucionTema5\NuevosComponentes.csproj", "{8788B719-5714-468F-8F36-9C907DEC8B6C}"
EndProject
Project("{FAE04EC0-301F-11D3-BF4B-00C04F79EFBC}") = "PruebaComponentes", "PruebaComponentes\PruebaComponentes.csproj", "{3B4AF8CD-8E16-407D-B0F3-E34544A52501}"
EndProject
Project("{FAE04EC0-301F-11D3-BF4B-00C04F79EFBC}") = "AppControlMultimediaTest", "AppControlMultimediaTest\AppControlMultimediaTest.csproj", "{2F6BDEA0-C1E3-409D-944D-1531E1672732}"
EndProject
Project("{FAE04EC0-301F-11D3-BF4B-00C04F79EFBC}") = "ProgramaGraficos", "ProgramaGraficos\ProgramaGraficos.csproj", "{AF816E53-7556-4583-BFB0-8C5B104DB6BC}"
EndProject
Project("{FAE04EC0-301F-11D3-BF4B-00C04F79EFBC}") = "ExamenEjemplo", "ExamenEjemplo\ExamenEjemplo.csproj", "{41B65BBD-0CCB-42B6-91A7-F24B558F1D00}"
EndProject
Project("{FAE04EC0-301F-11D3-BF4B-00C04F79EFBC}") = "FormularioExamen", "FormularioExamen\FormularioExamen.csproj", "{082C9D96-986D-4C26-B6F5-17B5EB95C9F9}"
EndProject
Project("{FAE04EC0-301F-11D3-BF4B-00C04F79EFBC}") = "Ahorcado", "AhorcadoEJ4\Ahorcado.csproj", "{E6354A90-6E29-4647-AD43-C63C924CFF88}"
EndProject
Global
	GlobalSection(SolutionConfigurationPlatforms) = preSolution
		Debug|Any CPU = Debug|Any CPU
		Release|Any CPU = Release|Any CPU
	EndGlobalSection
	GlobalSection(ProjectConfigurationPlatforms) = postSolution
		{8788B719-5714-468F-8F36-9C907DEC8B6C}.Debug|Any CPU.ActiveCfg = Debug|Any CPU
		{8788B719-5714-468F-8F36-9C907DEC8B6C}.Debug|Any CPU.Build.0 = Debug|Any CPU
		{8788B719-5714-468F-8F36-9C907DEC8B6C}.Release|Any CPU.ActiveCfg = Release|Any CPU
		{8788B719-5714-468F-8F36-9C907DEC8B6C}.Release|Any CPU.Build.0 = Release|Any CPU
		{3B4AF8CD-8E16-407D-B0F3-E34544A52501}.Debug|Any CPU.ActiveCfg = Debug|Any CPU
		{3B4AF8CD-8E16-407D-B0F3-E34544A52501}.Debug|Any CPU.Build.0 = Debug|Any CPU
		{3B4AF8CD-8E16-407D-B0F3-E34544A52501}.Release|Any CPU.ActiveCfg = Release|Any CPU
		{3B4AF8CD-8E16-407D-B0F3-E34544A52501}.Release|Any CPU.Build.0 = Release|Any CPU
		{2F6BDEA0-C1E3-409D-944D-1531E1672732}.Debug|Any CPU.ActiveCfg = Debug|Any CPU
		{2F6BDEA0-C1E3-409D-944D-1531E1672732}.Debug|Any CPU.Build.0 = Debug|Any CPU
		{2F6BDEA0-C1E3-409D-944D-1531E1672732}.Release|Any CPU.ActiveCfg = Release|Any CPU
		{2F6BDEA0-C1E3-409D-944D-1531E1672732}.Release|Any CPU.Build.0 = Release|Any CPU
		{AF816E53-7556-4583-BFB0-8C5B104DB6BC}.Debug|Any CPU.ActiveCfg = Debug|Any CPU
		{AF816E53-7556-4583-BFB0-8C5B104DB6BC}.Debug|Any CPU.Build.0 = Debug|Any CPU
		{AF816E53-7556-4583-BFB0-8C5B104DB6BC}.Release|Any CPU.ActiveCfg = Release|Any CPU
		{AF816E53-7556-4583-BFB0-8C5B104DB6BC}.Release|Any CPU.Build.0 = Release|Any CPU
		{41B65BBD-0CCB-42B6-91A7-F24B558F1D00}.Debug|Any CPU.ActiveCfg = Debug|Any CPU
		{41B65BBD-0CCB-42B6-91A7-F24B558F1D00}.Debug|Any CPU.Build.0 = Debug|Any CPU
		{41B65BBD-0CCB-42B6-91A7-F24B558F1D00}.Release|Any CPU.ActiveCfg = Release|Any CPU
		{41B65BBD-0CCB-42B6-91A7-F24B558F1D00}.Release|Any CPU.Build.0 = Release|Any CPU
		{082C9D96-986D-4C26-B6F5-17B5EB95C9F9}.Debug|Any CPU.ActiveCfg = Debug|Any CPU
		{082C9D96-986D-4C26-B6F5-17B5EB95C9F9}.Debug|Any CPU.Build.0 = Debug|Any CPU
		{082C9D96-986D-4C26-B6F5-17B5EB95C9F9}.Release|Any CPU.ActiveCfg = Release|Any CPU
		{082C9D96-986D-4C26-B6F5-17B5EB95C9F9}.Release|Any CPU.Build.0 = Release|Any CPU
		{E6354A90-6E29-4647-AD43-C63C924CFF88}.Debug|Any CPU.ActiveCfg = Debug|Any CPU
		{E6354A90-6E29-4647-AD43-C63C924CFF88}.Debug|Any CPU.Build.0 = Debug|Any CPU
		{E6354A90-6E29-4647-AD43-C63C924CFF88}.Release|Any CPU.ActiveCfg = Release|Any CPU
		{E6354A90-6E29-4647-AD43-C63C924CFF88}.Release|Any CPU.Build.0 = Release|Any CPU
	EndGlobalSection
	GlobalSection(SolutionProperties) = preSolution
		HideSolutionNode = FALSE
	EndGlobalSection
	GlobalSection(ExtensibilityGlobals) = postSolution
		SolutionGuid = {F020E9E0-3A62-46E0-B375-74F91D948934}
	EndGlobalSection
EndGlobal
